{
    "_meta": {
        "hash": {
            "sha256": "c5f381bd992e19deb903187f17b4c3efb17f18c0f6f45d78c0ddc84806d9aaed"
        },
        "pipfile-spec": 6,
        "requires": {
            "python_version": "3.7"
        },
        "sources": [
            {
                "name": "pypi",
                "url": "https://pypi.org/simple",
                "verify_ssl": true
            }
        ]
    },
    "default": {
        "biopython": {
            "hashes": [
                "sha256:01951f2474b9fbd38fa34678d2e3fab95497ea3ffa0a5570b2444dd3f906d730",
                "sha256:0f3747f985e1890eb267752c4ef0163366a2232cbda4ff3b750dfd3b68e373dc",
                "sha256:1d9f473ea96fa4eafa8dba5c1e0c2e98876a93a63a5b90a8eeda9b9192ad18d9",
                "sha256:20550cad24f66d4c47be556464e892c3e7cadeadb83e28cd3118297dd4bc361b",
                "sha256:3071a4d3e93baa316b3016039335d23d854e922335a6af96af58645d5c7ee676",
                "sha256:3873cb98dad5e28d5e3f2215a012565345a398d3d2c4eebf7cd701757b828c72",
                "sha256:45d91b68f65c1ec6f9bcae1b07bd836c2b99de612d1502a2f08d59502b77e5c6",
                "sha256:4710fdaafdab18f20e5ff3e72732da4fe23c49e5bc0879c8cc07739cdd6b8088",
                "sha256:526e01568d8ec12f161fb800e967ede2943bf1b61d44151bdc7e4242e58733ff",
                "sha256:5f39d2ea4fb0d97fa2e3e8cb55f30dc82475cb95743e45779ffe2c2fd77ece5d",
                "sha256:61bb0effa0252e3f296c49867f3303ecbb0f67d03730482141ff4b204a2b400c",
                "sha256:628442d2cbdc0dfc04bd2f2cdc5d73712e2c30e6de4192f9cc6dc6badd3d8205",
                "sha256:637795f150c15fdc122bef6798c4189c9f3c3a6f0d18bfbfaf3cc150fcdf6796",
                "sha256:680b688ad6030b7efdd01eb2b9f0b3097b9ad509e9964597760a09dea5cdd5af",
                "sha256:76a6bee1429e88eeaed4aa858bb9f656f44c79db40f726767659e4f95b2fcdb5",
                "sha256:98c9b3e03233753cf5f3b6690a4be790f79a6ec290e2a578be1f0e2d982cf43b",
                "sha256:aee7756947bc79cbcf5a9087ae34d0318f02d85fd5e1914e7fe3dddd4df93520",
                "sha256:b1a29524cbea4eb7d6ef9c2626c8fdc3d21a1a0790b7a5a6725bfc57e129be39",
                "sha256:b4d7f28c53884a9282ba3cc5e2887ae40ce2b4abfbb78cfb7a33bebe06a8c43a",
                "sha256:d7cd8a169da9b44f878e218a51a494a7ccc5966a108f8607dcab360367fba6f3",
                "sha256:e09d7ae93f93639d58d9314a47ccf8ee9fde4a9e36ba810cd0843b4afd1b1ddc",
                "sha256:e3cad3ff77d19211430816e2bb5dd891b6a29f19e2441ef786979c42746c10b9",
                "sha256:e75b9400aa6122f2c5af75111426a1a07f1ab078b47bd8ef0ff9ca6c54fd398e",
                "sha256:f0c269d202c24fa1dc5afd4067320e1e9447904f31d0e7398b76c24e35fed35c",
                "sha256:f5a14d4122b126f21e1d623a3e2e6723101840516fce15f225e69608dc023302"
            ],
            "index": "pypi",
            "version": "==1.76"
        },
        "certifi": {
            "hashes": [
                "sha256:017c25db2a153ce562900032d5bc68e9f191e44e9a0f762f373977de9df1fbb3",
                "sha256:25b64c7da4cd7479594d035c08c2d809eb4aab3a26e5a990ea98cc450c320f1f"
            ],
            "version": "==2019.11.28"
        },
        "chardet": {
            "hashes": [
                "sha256:84ab92ed1c4d4f16916e05906b6b75a6c0fb5db821cc65e70cbd64a3e2a5eaae",
                "sha256:fc323ffcaeaed0e0a02bf4d117757b98aed530d9ed4531e3e15460124c106691"
            ],
            "version": "==3.0.4"
        },
        "colorama": {
            "hashes": [
                "sha256:7d73d2a99753107a36ac6b455ee49046802e59d9d076ef8e47b61499fa29afff",
                "sha256:e96da0d330793e2cb9485e9ddfd918d456036c7149416295932478192f4436a1"
            ],
            "version": "==0.4.3"
        },
        "cycler": {
            "hashes": [
                "sha256:1d8a5ae1ff6c5cf9b93e8811e581232ad8920aeec647c37316ceac982b08cb2d",
                "sha256:cd7b2d1018258d7247a71425e9f26463dfb444d411c39569972f4ce586b0c9d8"
            ],
            "version": "==0.10.0"
        },
        "future": {
            "hashes": [
                "sha256:b1bead90b70cf6ec3f0710ae53a525360fa360d306a86583adc6bf83a4db537d"
            ],
            "version": "==0.18.2"
        },
        "h5py": {
            "hashes": [
                "sha256:063947eaed5f271679ed4ffa36bb96f57bc14f44dd4336a827d9a02702e6ce6b",
                "sha256:13c87efa24768a5e24e360a40e0bc4c49bcb7ce1bb13a3a7f9902cec302ccd36",
                "sha256:16ead3c57141101e3296ebeed79c9c143c32bdd0e82a61a2fc67e8e6d493e9d1",
                "sha256:3dad1730b6470fad853ef56d755d06bb916ee68a3d8272b3bab0c1ddf83bb99e",
                "sha256:51ae56894c6c93159086ffa2c94b5b3388c0400548ab26555c143e7cfa05b8e5",
                "sha256:54817b696e87eb9e403e42643305f142cd8b940fe9b3b490bbf98c3b8a894cf4",
                "sha256:549ad124df27c056b2e255ea1c44d30fb7a17d17676d03096ad5cd85edb32dc1",
                "sha256:64f74da4a1dd0d2042e7d04cf8294e04ddad686f8eba9bb79e517ae582f6668d",
                "sha256:6998be619c695910cb0effe5eb15d3a511d3d1a5d217d4bd0bebad1151ec2262",
                "sha256:6ef7ab1089e3ef53ca099038f3c0a94d03e3560e6aff0e9d6c64c55fb13fc681",
                "sha256:769e141512b54dee14ec76ed354fcacfc7d97fea5a7646b709f7400cf1838630",
                "sha256:79b23f47c6524d61f899254f5cd5e486e19868f1823298bc0c29d345c2447172",
                "sha256:7be5754a159236e95bd196419485343e2b5875e806fe68919e087b6351f40a70",
                "sha256:84412798925dc870ffd7107f045d7659e60f5d46d1c70c700375248bf6bf512d",
                "sha256:86868dc07b9cc8cb7627372a2e6636cdc7a53b7e2854ad020c9e9d8a4d3fd0f5",
                "sha256:8bb1d2de101f39743f91512a9750fb6c351c032e5cd3204b4487383e34da7f75",
                "sha256:a5f82cd4938ff8761d9760af3274acf55afc3c91c649c50ab18fcff5510a14a5",
                "sha256:aac4b57097ac29089f179bbc2a6e14102dd210618e94d77ee4831c65f82f17c0",
                "sha256:bffbc48331b4a801d2f4b7dac8a72609f0b10e6e516e5c480a3e3241e091c878",
                "sha256:c0d4b04bbf96c47b6d360cd06939e72def512b20a18a8547fa4af810258355d5",
                "sha256:c54a2c0dd4957776ace7f95879d81582298c5daf89e77fb8bee7378f132951de",
                "sha256:cbf28ae4b5af0f05aa6e7551cee304f1d317dbed1eb7ac1d827cee2f1ef97a99",
                "sha256:d35f7a3a6cefec82bfdad2785e78359a0e6a5fbb3f605dd5623ce88082ccd681",
                "sha256:d3c59549f90a891691991c17f8e58c8544060fdf3ccdea267100fa5f561ff62f",
                "sha256:d7ae7a0576b06cb8e8a1c265a8bc4b73d05fdee6429bffc9a26a6eb531e79d72",
                "sha256:ecf4d0b56ee394a0984de15bceeb97cbe1fe485f1ac205121293fc44dcf3f31f",
                "sha256:f0e25bb91e7a02efccb50aba6591d3fe2c725479e34769802fcdd4076abfa917",
                "sha256:f23951a53d18398ef1344c186fb04b26163ca6ce449ebd23404b153fd111ded9",
                "sha256:ff7d241f866b718e4584fa95f520cb19405220c501bd3a53ee11871ba5166ea2"
            ],
            "version": "==2.10.0"
        },
        "idna": {
            "hashes": [
                "sha256:7588d1c14ae4c77d74036e8c22ff447b26d0fde8f007354fd48a7814db15b7cb",
                "sha256:a068a21ceac8a4d63dbfd964670474107f541babbd2250d61922f029858365fa"
            ],
            "version": "==2.9"
        },
        "joblib": {
            "hashes": [
                "sha256:0630eea4f5664c463f23fbf5dcfc54a2bc6168902719fa8e19daf033022786c8",
                "sha256:bdb4fd9b72915ffb49fde2229ce482dd7ae79d842ed8c2b4c932441495af1403"
            ],
            "version": "==0.14.1"
        },
        "keras": {
            "hashes": [
                "sha256:a0d6ecf1d71cd0b85ea1da27ea7314a9d4723f5b468b7cedd87dcad0a491b354",
                "sha256:ff7db814756d9106c273afc4bd798f48924fa66f9328157a4b722d535baef363"
            ],
            "index": "pypi",
            "version": "==2.3.0"
        },
        "keras-applications": {
            "hashes": [
                "sha256:5579f9a12bcde9748f4a12233925a59b93b73ae6947409ff34aa2ba258189fe5",
                "sha256:df4323692b8c1174af821bf906f1e442e63fa7589bf0f1230a0b6bdc5a810c95"
            ],
            "version": "==1.0.8"
        },
        "keras-preprocessing": {
            "hashes": [
                "sha256:44aee5f2c4d80c3b29f208359fcb336df80f293a0bb6b1c738da43ca206656fb",
                "sha256:5a8debe01d840de93d49e05ccf1c9b81ae30e210d34dacbcc47aeb3049b528e5"
            ],
            "version": "==1.1.0"
        },
        "keras-tuner": {
            "hashes": [
                "sha256:f018ded5127e7c588bd78faa753fa1f4108f1f28c0e5694a06bfb1f08204215b"
            ],
            "index": "pypi",
            "version": "==1.0.1"
        },
        "kiwisolver": {
            "hashes": [
                "sha256:05b5b061e09f60f56244adc885c4a7867da25ca387376b02c1efc29cc16bcd0f",
                "sha256:210d8c39d01758d76c2b9a693567e1657ec661229bc32eac30761fa79b2474b0",
                "sha256:26f4fbd6f5e1dabff70a9ba0d2c4bd30761086454aa30dddc5b52764ee4852b7",
                "sha256:3b15d56a9cd40c52d7ab763ff0bc700edbb4e1a298dc43715ecccd605002cf11",
                "sha256:3b2378ad387f49cbb328205bda569b9f87288d6bc1bf4cd683c34523a2341efe",
                "sha256:400599c0fe58d21522cae0e8b22318e09d9729451b17ee61ba8e1e7c0346565c",
                "sha256:47b8cb81a7d18dbaf4fed6a61c3cecdb5adec7b4ac292bddb0d016d57e8507d5",
                "sha256:53eaed412477c836e1b9522c19858a8557d6e595077830146182225613b11a75",
                "sha256:58e626e1f7dfbb620d08d457325a4cdac65d1809680009f46bf41eaf74ad0187",
                "sha256:5a52e1b006bfa5be04fe4debbcdd2688432a9af4b207a3f429c74ad625022641",
                "sha256:5c7ca4e449ac9f99b3b9d4693debb1d6d237d1542dd6a56b3305fe8a9620f883",
                "sha256:682e54f0ce8f45981878756d7203fd01e188cc6c8b2c5e2cf03675390b4534d5",
                "sha256:76275ee077772c8dde04fb6c5bc24b91af1bb3e7f4816fd1852f1495a64dad93",
                "sha256:79bfb2f0bd7cbf9ea256612c9523367e5ec51d7cd616ae20ca2c90f575d839a2",
                "sha256:7f4dd50874177d2bb060d74769210f3bce1af87a8c7cf5b37d032ebf94f0aca3",
                "sha256:8944a16020c07b682df861207b7e0efcd2f46c7488619cb55f65882279119389",
                "sha256:8aa7009437640beb2768bfd06da049bad0df85f47ff18426261acecd1cf00897",
                "sha256:9105ce82dcc32c73eb53a04c869b6a4bc756b43e4385f76ea7943e827f529e4d",
                "sha256:933df612c453928f1c6faa9236161a1d999a26cd40abf1dc5d7ebbc6dbfb8fca",
                "sha256:939f36f21a8c571686eb491acfffa9c7f1ac345087281b412d63ea39ca14ec4a",
                "sha256:9491578147849b93e70d7c1d23cb1229458f71fc79c51d52dce0809b2ca44eea",
                "sha256:9733b7f64bd9f807832d673355f79703f81f0b3e52bfce420fc00d8cb28c6a6c",
                "sha256:a02f6c3e229d0b7220bd74600e9351e18bc0c361b05f29adae0d10599ae0e326",
                "sha256:a0c0a9f06872330d0dd31b45607197caab3c22777600e88031bfe66799e70bb0",
                "sha256:aa716b9122307c50686356cfb47bfbc66541868078d0c801341df31dca1232a9",
                "sha256:acc4df99308111585121db217681f1ce0eecb48d3a828a2f9bbf9773f4937e9e",
                "sha256:b64916959e4ae0ac78af7c3e8cef4becee0c0e9694ad477b4c6b3a536de6a544",
                "sha256:d22702cadb86b6fcba0e6b907d9f84a312db9cd6934ee728144ce3018e715ee1",
                "sha256:d3fcf0819dc3fea58be1fd1ca390851bdb719a549850e708ed858503ff25d995",
                "sha256:d52e3b1868a4e8fd18b5cb15055c76820df514e26aa84cc02f593d99fef6707f",
                "sha256:db1a5d3cc4ae943d674718d6c47d2d82488ddd94b93b9e12d24aabdbfe48caee",
                "sha256:e3a21a720791712ed721c7b95d433e036134de6f18c77dbe96119eaf7aa08004",
                "sha256:e8bf074363ce2babeb4764d94f8e65efd22e6a7c74860a4f05a6947afc020ff2",
                "sha256:f16814a4a96dc04bf1da7d53ee8d5b1d6decfc1a92a63349bb15d37b6a263dd9",
                "sha256:f2b22153870ca5cf2ab9c940d7bc38e8e9089fa0f7e5856ea195e1cf4ff43d5a",
                "sha256:f790f8b3dff3d53453de6a7b7ddd173d2e020fb160baff578d578065b108a05f",
                "sha256:fe51b79da0062f8e9d49ed0182a626a7dc7a0cbca0328f612c6ee5e4711c81e4"
            ],
            "index": "pypi",
            "version": "==1.1.0"
        },
        "matplotlib": {
            "hashes": [
                "sha256:0f738b57051e8a0f8bc8282031d0a82e9dedbd10a94fd54d4c3830d708607a8b",
                "sha256:0f87d188528ff3c86286603bc13170a5932e631c0c69d9995aae86448a7d9692",
                "sha256:290864f3c69d1e71d6648c9c75093db28486f1bf058b0ab2fda9d2d6814ddf19",
                "sha256:70aba3a1c7dbef5a997db8afe06e256c6b67e1dc15bb16d8b55d140ea5375a8d",
                "sha256:7318d11a4784c3e37f5de0c9141d18eac08565d303da7d3d557662369f2f866b",
                "sha256:77c6edc4e25b36430df8a445195030abc8d5766d068b9aeed1a58a684cc0eb3b",
                "sha256:91669d38938ae7b66db084e444ee5dceed09b59a6622fda10dfb021d5ce6d0dc",
                "sha256:a547edc4d0ce68f3eb397ed8701314f254a0de593045ee0eecad4f1efc664951",
                "sha256:b4e2333c98a7c2c1ff6eb930cd2b57d4b818de5437c5048802096b32f66e65f9",
                "sha256:c99b3908e76de5d1582e6941dc34de086eb38d18539520f4ae4ffa29b8f2644f",
                "sha256:e3acc990b3672132a670b23cc055b967d0aa04183dbc5be82a38a0426ee6d1a6",
                "sha256:eaa8f8248c20eacfade26faf749e248adc1bec1edc2d08b05916297cc76a72bd",
                "sha256:ede6d9676c43844e4994b041ffca08dd157ce171190a8ccb40fed9b377db5653"
            ],
            "index": "pypi",
            "version": "==3.0.0"
        },
        "numpy": {
            "hashes": [
                "sha256:057ca467673a4b0422a9365ea0b53572813764f60896d3d1423f5cc9d2dd0d02",
                "sha256:0e7c5e5358be186e0d6c73a9b34e1b890602ac1db413adc61794e2e3e02ec65c",
                "sha256:1250edf6f6c43e1d7823f0967416bc18258bb271dc536298eb0ea00a9e45b80a",
                "sha256:1454aca5a62fe18bb2828ea1b2f9d1534afed7216c13404a6657cda57937c54b",
                "sha256:1718e009ac6699868c82c4ed154e64945479f5c3d8826b2e10c470e9fad7bd18",
                "sha256:1b07024c4d87bf7a0738c438aa7fb709f9d7c093513bb8ffb2ac849f4553658c",
                "sha256:33acfba9f453b0b6465c0aa5fe5cb0d32b8483850bc8cc776b4d3cc96595aa03",
                "sha256:35be3f06ad20030bfba9ae199fa5d5474aebeabb3197d2ce9fcd8c417f7415e3",
                "sha256:40f9c0ae71453e4d28d40e502e531e72810bf3b12b2d55cad939ab86a26ead42",
                "sha256:4ab59a69a627ee73a2723b60723abfe0404947c16acef7b0880d6bbec93ba7cd",
                "sha256:4c774c852cad87f692e6b3e374ba7074c7a9897cf4bafcc47ad48142d455f3ae",
                "sha256:4e2f4c7031507b23b14056a4bc2b4cbe865607f55b45bfc15cc745a268bc817e",
                "sha256:686869ff6adc49b3066fdb44198c0655603b33e2c4d852a04c6a84cd8b224786",
                "sha256:6d3e10394dada2cdf8ba354025ddf15a744b4e833c77347e31547c4b5c77deab",
                "sha256:6eb031402a278a6fa5838e543cf36ed6d21a6ee90e9a2803570d47908ca5e9fd",
                "sha256:6f2a52bb05c560fd6f29d7b49dfe8b4d7c5445c448e5587969446a0f10cf9164",
                "sha256:7ce70ef6fd9bdfafd896c617761129fafaa06e4683d0bfbf3c56a87c89e02d61",
                "sha256:964c2c6a9e0ecac54a368effa26a89a97b2e15266dc68dc78f2519f3040be623",
                "sha256:a1cafe27328c1f01127297f11e2be25d5d3821d2654a7459e017cfce98258995",
                "sha256:bd6b3906a50f9ad755e2c21a78661eff1bbaab3c803c0fcf22927ec50372dba6",
                "sha256:d37f058ea9a2fd2a9160b0cc65bbfb302dfcea8d5fe178299938d95d7bfa2b83",
                "sha256:d3f22c0781ad5fe51d7210f36a91f01620355520996fc332a1d0cf24e0cab794",
                "sha256:db10d3d10658a847f85fe9df0d5fe6df190a30d32423d670c3824580e373c0a8",
                "sha256:df2937c62d8d3059c1396c7cacfc12577c0923e2a37557592759358848b1544c",
                "sha256:e11e5eba43e0d8b077aafa11e43db7a77af4fa435557972dd3570898e0cbb736",
                "sha256:e5daec856ea0e1111391179449b855aa29f1433ac507adc3d6c00a96abb438cb",
                "sha256:f1dd9a8ecbe9f8f13652afe04c470bb837578e402a3641649ddc41764d0e4326",
                "sha256:fe909f8d14b2f16ea5d9ec2234fc0ffbfccccaef1ba6bc27d9d21acfe8cc72e1"
            ],
            "index": "pypi",
            "version": "==1.14.6"
        },
        "pyparsing": {
            "hashes": [
                "sha256:4c830582a84fb022400b85429791bc551f1f4871c33f23e44f353119e92f969f",
                "sha256:c342dccb5250c08d45fd6f8b4a559613ca603b57498511740e65cd11a2e7dcec"
            ],
            "version": "==2.4.6"
        },
        "python-dateutil": {
            "hashes": [
                "sha256:73ebfe9dbf22e832286dafa60473e4cd239f8592f699aa5adaf10050e6e1823c",
                "sha256:75bb3f31ea686f1197762692a9ee6a7550b59fc6ca3a1f4b5d7e32fb98e2da2a"
            ],
            "version": "==2.8.1"
        },
        "pyyaml": {
            "hashes": [
                "sha256:06a0d7ba600ce0b2d2fe2e78453a470b5a6e000a985dd4a4e54e436cc36b0e97",
                "sha256:240097ff019d7c70a4922b6869d8a86407758333f02203e0fc6ff79c5dcede76",
                "sha256:4f4b913ca1a7319b33cfb1369e91e50354d6f07a135f3b901aca02aa95940bd2",
                "sha256:69f00dca373f240f842b2931fb2c7e14ddbacd1397d57157a9b005a6a9942648",
                "sha256:73f099454b799e05e5ab51423c7bcf361c58d3206fa7b0d555426b1f4d9a3eaf",
                "sha256:74809a57b329d6cc0fdccee6318f44b9b8649961fa73144a98735b0aaf029f1f",
                "sha256:7739fc0fa8205b3ee8808aea45e968bc90082c10aef6ea95e855e10abf4a37b2",
                "sha256:95f71d2af0ff4227885f7a6605c37fd53d3a106fcab511b8860ecca9fcf400ee",
                "sha256:b8eac752c5e14d3eca0e6dd9199cd627518cb5ec06add0de9d32baeee6fe645d",
                "sha256:cc8955cfbfc7a115fa81d85284ee61147059a753344bc51098f3ccd69b0d7e0c",
                "sha256:d13155f591e6fcc1ec3b30685d50bf0711574e2c0dfffd7644babf8b5102ca1a"
            ],
            "index": "pypi",
            "version": "==5.3.1"
        },
        "requests": {
            "hashes": [
                "sha256:43999036bfa82904b6af1d99e4882b560e5e2c68e5c4b0aa03b655f3d7d73fee",
                "sha256:b3f43d496c6daba4493e7c431722aeb7dbc6288f52a6e04e7b6023b0247817e6"
            ],
            "version": "==2.23.0"
        },
        "scikit-learn": {
            "hashes": [
                "sha256:1bf45e62799b6938357cfce19f72e3751448c4b27010e4f98553da669b5bbd86",
                "sha256:267ad874b54c67b479c3b45eb132ef4a56ab2b27963410624a413a4e2a3fc388",
                "sha256:2d1bb83d6c51a81193d8a6b5f31930e2959c0e1019d49bdd03f54163735dae4b",
                "sha256:349ba3d837fb3f7cb2b91486c43713e4b7de17f9e852f165049b1b7ac2f81478",
                "sha256:3f4d8eea3531d3eaf613fa33f711113dfff6021d57a49c9d319af4afb46f72f0",
                "sha256:4990f0e166292d2a0f0ee528233723bcfd238bfdb3ec2512a9e27f5695362f35",
                "sha256:57538d138ba54407d21e27c306735cbd42a6aae0df6a5a30c7a6edde46b0017d",
                "sha256:5b722e8bb708f254af028dc2da86d23df5371cba57e24f889b672e7b15423caa",
                "sha256:6043e2c4ccfc68328c331b0fc19691be8fb02bd76d694704843a23ad651de902",
                "sha256:672ea38eb59b739a8907ec063642b486bcb5a2073dda5b72b7983eeaf1fd67c1",
                "sha256:73207dca6e70f8f611f28add185cf3a793c8232a1722f21d82259560dc35cd50",
                "sha256:83fc104a799cb340054e485c25dfeee712b36f5638fb374eba45a9db490f16ff",
                "sha256:8416150ab505f1813da02cdbdd9f367b05bfc75cf251235015bb09f8674358a0",
                "sha256:84e759a766c315deb5c85139ff879edbb0aabcddb9358acf499564ed1c21e337",
                "sha256:8ed66ab27b3d68e57bb1f315fc35e595a5c4a1f108c3420943de4d18fc40e615",
                "sha256:a7f8aa93f61aaad080b29a9018db93ded0586692c03ddf2122e47dd1d3a14e1b",
                "sha256:ddd3bf82977908ff69303115dd5697606e669d8a7eafd7d83bb153ef9e11bd5e",
                "sha256:de9933297f8659ee3bb330eafdd80d74cd73d5dab39a9026b65a4156bc479063",
                "sha256:ea91a70a992ada395efc3d510cf011dc2d99dc9037bb38cd1cb00e14745005f5",
                "sha256:eb4c9f0019abb374a2e55150f070a333c8f990b850d1eb4dfc2765fc317ffc7c",
                "sha256:ffce8abfdcd459e72e5b91727b247b401b22253cbd18d251f842a60e26262d6f"
            ],
            "version": "==0.22.2.post1"
        },
        "scipy": {
            "hashes": [
                "sha256:00af72998a46c25bdb5824d2b729e7dabec0c765f9deb0b504f928591f5ff9d4",
                "sha256:0902a620a381f101e184a958459b36d3ee50f5effd186db76e131cbefcbb96f7",
                "sha256:1e3190466d669d658233e8a583b854f6386dd62d655539b77b3fa25bfb2abb70",
                "sha256:2cce3f9847a1a51019e8c5b47620da93950e58ebc611f13e0d11f4980ca5fecb",
                "sha256:3092857f36b690a321a662fe5496cb816a7f4eecd875e1d36793d92d3f884073",
                "sha256:386086e2972ed2db17cebf88610aab7d7f6e2c0ca30042dc9a89cf18dcc363fa",
                "sha256:71eb180f22c49066f25d6df16f8709f215723317cc951d99e54dc88020ea57be",
                "sha256:770254a280d741dd3436919d47e35712fb081a6ff8bafc0f319382b954b77802",
                "sha256:787cc50cab3020a865640aba3485e9fbd161d4d3b0d03a967df1a2881320512d",
                "sha256:8a07760d5c7f3a92e440ad3aedcc98891e915ce857664282ae3c0220f3301eb6",
                "sha256:8d3bc3993b8e4be7eade6dcc6fd59a412d96d3a33fa42b0fa45dc9e24495ede9",
                "sha256:9508a7c628a165c2c835f2497837bf6ac80eb25291055f56c129df3c943cbaf8",
                "sha256:a144811318853a23d32a07bc7fd5561ff0cac5da643d96ed94a4ffe967d89672",
                "sha256:a1aae70d52d0b074d8121333bc807a485f9f1e6a69742010b33780df2e60cfe0",
                "sha256:a2d6df9eb074af7f08866598e4ef068a2b310d98f87dc23bd1b90ec7bdcec802",
                "sha256:bb517872058a1f087c4528e7429b4a44533a902644987e7b2fe35ecc223bc408",
                "sha256:c5cac0c0387272ee0e789e94a570ac51deb01c796b37fb2aad1fb13f85e2f97d",
                "sha256:cc971a82ea1170e677443108703a2ec9ff0f70752258d0e9f5433d00dda01f59",
                "sha256:dba8306f6da99e37ea08c08fef6e274b5bf8567bb094d1dbe86a20e532aca088",
                "sha256:dc60bb302f48acf6da8ca4444cfa17d52c63c5415302a9ee77b3b21618090521",
                "sha256:dee1bbf3a6c8f73b6b218cb28eed8dd13347ea2f87d572ce19b289d6fd3fbc59"
            ],
            "version": "==1.4.1"
        },
        "six": {
            "hashes": [
                "sha256:236bdbdce46e6e6a3d61a337c0f8b763ca1e8717c03b369e87a7ec7ce1319c0a",
                "sha256:8f3cd2e254d8f793e7f3d6d9df77b92252b52637291d0f0da013c76ea2724b6c"
            ],
            "version": "==1.14.0"
        },
        "tabulate": {
            "hashes": [
                "sha256:ac64cb76d53b1231d364babcd72abbb16855adac7de6665122f97b593f1eb2ba",
                "sha256:db2723a20d04bcda8522165c73eea7c300eda74e0ce852d9022e0159d7895007"
            ],
            "version": "==0.8.7"
        },
        "terminaltables": {
            "hashes": [
                "sha256:f3eb0eb92e3833972ac36796293ca0906e998dc3be91fbe1f8615b331b853b81"
            ],
            "version": "==3.1.0"
        },
        "tqdm": {
            "hashes": [
                "sha256:00339634a22c10a7a22476ee946bbde2dbe48d042ded784e4d88e0236eca5d81",
                "sha256:ea9e3fd6bd9a37e8783d75bfc4c1faf3c6813da6bd1c3e776488b41ec683af94"
            ],
            "index": "pypi",
            "version": "==4.45.0"
        },
        "urllib3": {
            "hashes": [
                "sha256:2f3db8b19923a873b3e5256dc9c2dedfa883e33d87c690d9c7913e1f40673cdc",
                "sha256:87716c2d2a7121198ebcb7ce7cccf6ce5e9ba539041cfbaeecfb641dc0bf6acc"
            ],
            "version": "==1.25.8"
        }
    },
    "develop": {}
}
